
Microsoft Visual Studio Solution File, Format Version 12.00
# Visual Studio Version 17
VisualStudioVersion = 17.2.32210.308
MinimumVisualStudioVersion = 10.0.40219.1
Project("{9A19103F-16F7-4668-BE54-9A1E7A4F7556}") = "ConsoleApp4", "ConsoleApp4\ConsoleApp4.csproj", "{23DF42B4-830E-4752-A9BA-EFB1719DF3D8}"
EndProject
Project("{9A19103F-16F7-4668-BE54-9A1E7A4F7556}") = "TestProject1", "TestProject1\TestProject1.csproj", "{C79AD8E6-D7A7-4A16-A989-72758304C24C}"
EndProject
Project("{FAE04EC0-301F-11D3-BF4B-00C04F79EFBC}") = "ConsoleApp4Tests1", "ConsoleApp4Tests1\ConsoleApp4Tests1.csproj", "{9E89456A-62E9-4440-A336-3DD3D57A4628}"
EndProject
Global
	GlobalSection(SolutionConfigurationPlatforms) = preSolution
		Debug|Any CPU = Debug|Any CPU
		Release|Any CPU = Release|Any CPU
	EndGlobalSection
	GlobalSection(ProjectConfigurationPlatforms) = postSolution
		{23DF42B4-830E-4752-A9BA-EFB1719DF3D8}.Debug|Any CPU.ActiveCfg = Debug|Any CPU
		{23DF42B4-830E-4752-A9BA-EFB1719DF3D8}.Debug|Any CPU.Build.0 = Debug|Any CPU
		{23DF42B4-830E-4752-A9BA-EFB1719DF3D8}.Release|Any CPU.ActiveCfg = Release|Any CPU
		{23DF42B4-830E-4752-A9BA-EFB1719DF3D8}.Release|Any CPU.Build.0 = Release|Any CPU
		{C79AD8E6-D7A7-4A16-A989-72758304C24C}.Debug|Any CPU.ActiveCfg = Debug|Any CPU
		{C79AD8E6-D7A7-4A16-A989-72758304C24C}.Debug|Any CPU.Build.0 = Debug|Any CPU
		{C79AD8E6-D7A7-4A16-A989-72758304C24C}.Release|Any CPU.ActiveCfg = Release|Any CPU
		{C79AD8E6-D7A7-4A16-A989-72758304C24C}.Release|Any CPU.Build.0 = Release|Any CPU
		{9E89456A-62E9-4440-A336-3DD3D57A4628}.Debug|Any CPU.ActiveCfg = Debug|Any CPU
		{9E89456A-62E9-4440-A336-3DD3D57A4628}.Debug|Any CPU.Build.0 = Debug|Any CPU
		{9E89456A-62E9-4440-A336-3DD3D57A4628}.Release|Any CPU.ActiveCfg = Release|Any CPU
		{9E89456A-62E9-4440-A336-3DD3D57A4628}.Release|Any CPU.Build.0 = Release|Any CPU
	EndGlobalSection
	GlobalSection(SolutionProperties) = preSolution
		HideSolutionNode = FALSE
	EndGlobalSection
	GlobalSection(ExtensibilityGlobals) = postSolution
		SolutionGuid = {A585759A-FADC-41A2-AF37-EE00747D2E4E}
	EndGlobalSection
EndGlobal
